# THIS IS AN AUTOGENERATED FILE. DO NOT EDIT THIS FILE DIRECTLY.
# yarn lockfile v1
unique-random-array@^1.0.0:
  version "1.0.0"
  resolved "https://registry.yarnpkg.com/unique-random-array/-/unique-random-array-1.0.0.tgz#42b3721c579388d8b667c93c2dbde3d5d81a9136"
  dependencies:
    unique-random "^1.0.0"

unique-random@^1.0.0:
  version "1.0.0"
  resolved "https://registry.yarnpkg.com/unique-random/-/unique-random-1.0.0.tgz#ce3e224c8242cd33a0e77b0d7180d77e6b62d0c4"

